
Microsoft Visual Studio Solution File, Format Version 12.00
# Visual Studio Version 17
VisualStudioVersion = 17.6.33801.468
MinimumVisualStudioVersion = 10.0.40219.1
Project("{9A19103F-16F7-4668-BE54-9A1E7A4F7556}") = "TrailVenturesSystem.Web", "TrailVenturesSystem.Web\TrailVenturesSystem.Web.csproj", "{64047BF3-747E-4008-B3BF-D14BF041EC02}"
EndProject
Project("{9A19103F-16F7-4668-BE54-9A1E7A4F7556}") = "TrailVenturesSystem.Common", "TrailVenturesSystem.Common\TrailVenturesSystem.Common.csproj", "{196B6A63-998E-4A45-BD63-AB87D1B5DFD2}"
EndProject
Project("{2150E333-8FDC-42A3-9474-1A3956D46DE8}") = "Web", "Web", "{C4DC1081-7C99-47C3-AF6D-FAE6F112F30B}"
EndProject
Project("{2150E333-8FDC-42A3-9474-1A3956D46DE8}") = "Data", "Data", "{76C6F690-B54B-448A-9441-9DED7A848DFD}"
EndProject
Project("{9A19103F-16F7-4668-BE54-9A1E7A4F7556}") = "TrailVenturesSystem.Data", "TrailVenturesSystem.Data\TrailVenturesSystem.Data.csproj", "{5FD1D13B-F896-48A3-A9FB-A86F38D9B2BF}"
EndProject
Project("{9A19103F-16F7-4668-BE54-9A1E7A4F7556}") = "TrailVenturesSystem.Data.Models", "TrailVenturesSystem.Data.Models\TrailVenturesSystem.Data.Models.csproj", "{AADB8E47-E389-4484-85FB-4E08C3DBD854}"
EndProject
Project("{9A19103F-16F7-4668-BE54-9A1E7A4F7556}") = "TrailVenturesSystem.Web.ViewModels", "TrailVenturesSystem.Web.ViewModels\TrailVenturesSystem.Web.ViewModels.csproj", "{D94A5E46-554D-4572-866B-FBECE871113C}"
EndProject
Project("{2150E333-8FDC-42A3-9474-1A3956D46DE8}") = "Services", "Services", "{033C779D-C0A9-423C-88EF-888357BE5ED9}"
EndProject
Project("{9A19103F-16F7-4668-BE54-9A1E7A4F7556}") = "TrailVenturesSystem.Services.Data", "TrailVenturesSystem.Services.Data\TrailVenturesSystem.Services.Data.csproj", "{8510DDCF-D727-4E8A-A7D4-4B2212BA1DAB}"
EndProject
Project("{9A19103F-16F7-4668-BE54-9A1E7A4F7556}") = "TrailVenturesSystem.Web.Infrastructure", "TrailVenturesSystem.Web.Infrastructure\TrailVenturesSystem.Web.Infrastructure.csproj", "{BDBFEE51-01F3-4B00-9359-16E4478D6A02}"
EndProject
Project("{9A19103F-16F7-4668-BE54-9A1E7A4F7556}") = "TrailVenturesSystem.Services.Data.Models", "TrailVenturesSystem.Services.Data.Models\TrailVenturesSystem.Services.Data.Models.csproj", "{CF4C5345-2B84-44CC-AF84-A9E67E3DB13D}"
EndProject
Project("{9A19103F-16F7-4668-BE54-9A1E7A4F7556}") = "TrailVenturesSystem.WebApi", "TrailVenturesSystem.WebApi\TrailVenturesSystem.WebApi.csproj", "{D5D37BA2-C1BA-475D-99C2-23DC4A2FFA9F}"
EndProject
Global
	GlobalSection(SolutionConfigurationPlatforms) = preSolution
		Debug|Any CPU = Debug|Any CPU
		Release|Any CPU = Release|Any CPU
	EndGlobalSection
	GlobalSection(ProjectConfigurationPlatforms) = postSolution
		{64047BF3-747E-4008-B3BF-D14BF041EC02}.Debug|Any CPU.ActiveCfg = Debug|Any CPU
		{64047BF3-747E-4008-B3BF-D14BF041EC02}.Debug|Any CPU.Build.0 = Debug|Any CPU
		{64047BF3-747E-4008-B3BF-D14BF041EC02}.Release|Any CPU.ActiveCfg = Release|Any CPU
		{64047BF3-747E-4008-B3BF-D14BF041EC02}.Release|Any CPU.Build.0 = Release|Any CPU
		{196B6A63-998E-4A45-BD63-AB87D1B5DFD2}.Debug|Any CPU.ActiveCfg = Debug|Any CPU
		{196B6A63-998E-4A45-BD63-AB87D1B5DFD2}.Debug|Any CPU.Build.0 = Debug|Any CPU
		{196B6A63-998E-4A45-BD63-AB87D1B5DFD2}.Release|Any CPU.ActiveCfg = Release|Any CPU
		{196B6A63-998E-4A45-BD63-AB87D1B5DFD2}.Release|Any CPU.Build.0 = Release|Any CPU
		{5FD1D13B-F896-48A3-A9FB-A86F38D9B2BF}.Debug|Any CPU.ActiveCfg = Debug|Any CPU
		{5FD1D13B-F896-48A3-A9FB-A86F38D9B2BF}.Debug|Any CPU.Build.0 = Debug|Any CPU
		{5FD1D13B-F896-48A3-A9FB-A86F38D9B2BF}.Release|Any CPU.ActiveCfg = Release|Any CPU
		{5FD1D13B-F896-48A3-A9FB-A86F38D9B2BF}.Release|Any CPU.Build.0 = Release|Any CPU
		{AADB8E47-E389-4484-85FB-4E08C3DBD854}.Debug|Any CPU.ActiveCfg = Debug|Any CPU
		{AADB8E47-E389-4484-85FB-4E08C3DBD854}.Debug|Any CPU.Build.0 = Debug|Any CPU
		{AADB8E47-E389-4484-85FB-4E08C3DBD854}.Release|Any CPU.ActiveCfg = Release|Any CPU
		{AADB8E47-E389-4484-85FB-4E08C3DBD854}.Release|Any CPU.Build.0 = Release|Any CPU
		{D94A5E46-554D-4572-866B-FBECE871113C}.Debug|Any CPU.ActiveCfg = Debug|Any CPU
		{D94A5E46-554D-4572-866B-FBECE871113C}.Debug|Any CPU.Build.0 = Debug|Any CPU
		{D94A5E46-554D-4572-866B-FBECE871113C}.Release|Any CPU.ActiveCfg = Release|Any CPU
		{D94A5E46-554D-4572-866B-FBECE871113C}.Release|Any CPU.Build.0 = Release|Any CPU
		{8510DDCF-D727-4E8A-A7D4-4B2212BA1DAB}.Debug|Any CPU.ActiveCfg = Debug|Any CPU
		{8510DDCF-D727-4E8A-A7D4-4B2212BA1DAB}.Debug|Any CPU.Build.0 = Debug|Any CPU
		{8510DDCF-D727-4E8A-A7D4-4B2212BA1DAB}.Release|Any CPU.ActiveCfg = Release|Any CPU
		{8510DDCF-D727-4E8A-A7D4-4B2212BA1DAB}.Release|Any CPU.Build.0 = Release|Any CPU
		{BDBFEE51-01F3-4B00-9359-16E4478D6A02}.Debug|Any CPU.ActiveCfg = Debug|Any CPU
		{BDBFEE51-01F3-4B00-9359-16E4478D6A02}.Debug|Any CPU.Build.0 = Debug|Any CPU
		{BDBFEE51-01F3-4B00-9359-16E4478D6A02}.Release|Any CPU.ActiveCfg = Release|Any CPU
		{BDBFEE51-01F3-4B00-9359-16E4478D6A02}.Release|Any CPU.Build.0 = Release|Any CPU
		{CF4C5345-2B84-44CC-AF84-A9E67E3DB13D}.Debug|Any CPU.ActiveCfg = Debug|Any CPU
		{CF4C5345-2B84-44CC-AF84-A9E67E3DB13D}.Debug|Any CPU.Build.0 = Debug|Any CPU
		{CF4C5345-2B84-44CC-AF84-A9E67E3DB13D}.Release|Any CPU.ActiveCfg = Release|Any CPU
		{CF4C5345-2B84-44CC-AF84-A9E67E3DB13D}.Release|Any CPU.Build.0 = Release|Any CPU
		{D5D37BA2-C1BA-475D-99C2-23DC4A2FFA9F}.Debug|Any CPU.ActiveCfg = Debug|Any CPU
		{D5D37BA2-C1BA-475D-99C2-23DC4A2FFA9F}.Debug|Any CPU.Build.0 = Debug|Any CPU
		{D5D37BA2-C1BA-475D-99C2-23DC4A2FFA9F}.Release|Any CPU.ActiveCfg = Release|Any CPU
		{D5D37BA2-C1BA-475D-99C2-23DC4A2FFA9F}.Release|Any CPU.Build.0 = Release|Any CPU
	EndGlobalSection
	GlobalSection(SolutionProperties) = preSolution
		HideSolutionNode = FALSE
	EndGlobalSection
	GlobalSection(NestedProjects) = preSolution
		{64047BF3-747E-4008-B3BF-D14BF041EC02} = {C4DC1081-7C99-47C3-AF6D-FAE6F112F30B}
		{5FD1D13B-F896-48A3-A9FB-A86F38D9B2BF} = {76C6F690-B54B-448A-9441-9DED7A848DFD}
		{AADB8E47-E389-4484-85FB-4E08C3DBD854} = {76C6F690-B54B-448A-9441-9DED7A848DFD}
		{D94A5E46-554D-4572-866B-FBECE871113C} = {C4DC1081-7C99-47C3-AF6D-FAE6F112F30B}
		{8510DDCF-D727-4E8A-A7D4-4B2212BA1DAB} = {033C779D-C0A9-423C-88EF-888357BE5ED9}
		{BDBFEE51-01F3-4B00-9359-16E4478D6A02} = {C4DC1081-7C99-47C3-AF6D-FAE6F112F30B}
		{CF4C5345-2B84-44CC-AF84-A9E67E3DB13D} = {033C779D-C0A9-423C-88EF-888357BE5ED9}
		{D5D37BA2-C1BA-475D-99C2-23DC4A2FFA9F} = {C4DC1081-7C99-47C3-AF6D-FAE6F112F30B}
	EndGlobalSection
	GlobalSection(ExtensibilityGlobals) = postSolution
		SolutionGuid = {32229440-A661-45EA-A32A-B6E2239B54B7}
	EndGlobalSection
EndGlobal
